schema: '2.0'
stages:
  remove_corrupted_images:
    cmd: python src/remove_corrupted_images.py data/inputs
    deps:
    - path: data/inputs/01_data_collection_16_oct_2021
      md5: 440c122aaeb1aec8b17cdffbfd1f5f49.dir
      size: 2833351
      nfiles: 27
    - path: src/remove_corrupted_images.py
      md5: 45a99fc77783fb471a49c474a9707ba8
      size: 1325
    outs:
    - path: data/intermediate/remove_corrupted_images
      md5: db86341a50c18dfe57815f2b0fcf26fe.dir
      size: 2770263
      nfiles: 25
  remove_dark_and_bright_images:
    cmd: python src/remove_dark_and_bright_images.py data/intermediate/remove_corrupted_images
    deps:
    - path: data/intermediate/remove_corrupted_images
      md5: db86341a50c18dfe57815f2b0fcf26fe.dir
      size: 2770263
      nfiles: 25
    - path: src/remove_dark_and_bright_images.py
      md5: cc19ced2ff978688715e6092a3a0b8f8
      size: 2061
    params:
      params.yaml:
        remove_dark_and_bright_images.bright_image_threshold: 200
        remove_dark_and_bright_images.dark_image_threshold: 20
    outs:
    - path: data/intermediate/remove_dark_and_bright_images
      md5: 86c58a80cf1de17566d7b21d42f8361e.dir
      size: 2585235
      nfiles: 20
